// !$*UTF8*$!
{
	archiveVersion = 1;
	classes = {
	};
	objectVersion = 77;
	objects = {

/* Begin PBXBuildFile section */
		0614F98A37FB16F28AA9F025 /* HabitIconGlyph.swift in Sources */ = {isa = PBXBuildFile; fileRef = B38117FF4902E6BB989DB05D /* HabitIconGlyph.swift */; };
		1A41396267D74609D7538D1B /* ManualFolderSyncService.swift in Sources */ = {isa = PBXBuildFile; fileRef = DCFB9D4DB538157F5A89D874 /* ManualFolderSyncService.swift */; };
		1C6C3F03D9D957834F2BF9AE /* StatsView.swift in Sources */ = {isa = PBXBuildFile; fileRef = A88C53DDFA092F3E80752845 /* StatsView.swift */; };
		1EB8B914F61A595782A5EB80 /* HabitModelContainer.swift in Sources */ = {isa = PBXBuildFile; fileRef = 4E7CC2D8216B50873CBB20A1 /* HabitModelContainer.swift */; };
		2548E69FEA0E95AEF5CF8CAC /* HabitBloomWidgets.swift in Sources */ = {isa = PBXBuildFile; fileRef = 0543C8E2EAC7CB98063BD6CF /* HabitBloomWidgets.swift */; };
		2C9132879577DA9EBB7CCA52 /* HabitCardView.swift in Sources */ = {isa = PBXBuildFile; fileRef = F5D37E535A4855F3E47E8536 /* HabitCardView.swift */; };
		2D7FB44F9A530C49CA428033 /* HabitModels.swift in Sources */ = {isa = PBXBuildFile; fileRef = 948F1977E900766A4A743DCA /* HabitModels.swift */; };
		3FD86D492D19579B37362742 /* HabitBloomApp.swift in Sources */ = {isa = PBXBuildFile; fileRef = FD0216F144BCD767C4598B1F /* HabitBloomApp.swift */; };
		46EAAB470233649776C3F60E /* ReminderScheduler.swift in Sources */ = {isa = PBXBuildFile; fileRef = EE8BE2A8D8808E1509FA3FCD /* ReminderScheduler.swift */; };
		49C60C39B0042D4EA438247F /* CheckInFeedbackService.swift in Sources */ = {isa = PBXBuildFile; fileRef = 721095FD72CF3D9FEF03B45D /* CheckInFeedbackService.swift */; };
		4B985D67258E84D0DB2900FF /* ContentView.swift in Sources */ = {isa = PBXBuildFile; fileRef = 4E5B578E09B74B9576F3768C /* ContentView.swift */; };
		4F95327D3B56D393BE1B4FE9 /* HabitStatsService.swift in Sources */ = {isa = PBXBuildFile; fileRef = C51BCDB10EDE4722CA441218 /* HabitStatsService.swift */; };
		5FE56FF3A2047D771A6B8238 /* ReminderPlanner.swift in Sources */ = {isa = PBXBuildFile; fileRef = 371483A349C11B96A87054CD /* ReminderPlanner.swift */; };
		71AA4DEF5D3B6A0B512A8727 /* HabitStatsCalculator.swift in Sources */ = {isa = PBXBuildFile; fileRef = 0617A8578689832D937D90F1 /* HabitStatsCalculator.swift */; };
		7C419A91243DA45A431BF269 /* WidgetSnapshotWriter.swift in Sources */ = {isa = PBXBuildFile; fileRef = 9E3F1FB50FFA1152DFFA03A2 /* WidgetSnapshotWriter.swift */; };
		7D05D134BA993118331AE2C3 /* HabitEditorView.swift in Sources */ = {isa = PBXBuildFile; fileRef = 4107A7C2B23C184B009803FC /* HabitEditorView.swift */; };
		90DE6B97845E3D13BF23BCE5 /* StickerImageOptimizer.swift in Sources */ = {isa = PBXBuildFile; fileRef = DCF4604AFDB8EFBF839B0FAE /* StickerImageOptimizer.swift */; };
		933A32199A963DE7EC5E87CB /* PlatformColors.swift in Sources */ = {isa = PBXBuildFile; fileRef = CB0162740D1F7021F3AA7256 /* PlatformColors.swift */; };
		B004B71567A8C1EBF851DC69 /* LaunchScreen.storyboard in Resources */ = {isa = PBXBuildFile; fileRef = DCB5FD2FE83A7CB380A23971 /* LaunchScreen.storyboard */; };
		BFBC7971F5DFF6DCF1B4D11E /* SettingsView.swift in Sources */ = {isa = PBXBuildFile; fileRef = 2245981D41A66EE9FCC2B135 /* SettingsView.swift */; };
		C5FBA66CD35CA69BD2426C1D /* HabitBloomWidgets.appex in Embed Foundation Extensions */ = {isa = PBXBuildFile; fileRef = 9E408CC35B36E09DCC1E33CE /* HabitBloomWidgets.appex */; settings = {ATTRIBUTES = (RemoveHeadersOnCopy, ); }; };
		D23472F6F14BF26E6878AFD2 /* LiquidGlassStyle.swift in Sources */ = {isa = PBXBuildFile; fileRef = F0AE1440174375040CC0CA42 /* LiquidGlassStyle.swift */; };
		FAF045AE8B797DD56DC1903D /* IconPickerSheet.swift in Sources */ = {isa = PBXBuildFile; fileRef = 6970689F40109E9868666FF6 /* IconPickerSheet.swift */; };
		FFD976B4AE6F30F3667D3997 /* HabitEntities.swift in Sources */ = {isa = PBXBuildFile; fileRef = 72AA9F7B648AF84697F4D010 /* HabitEntities.swift */; };
/* End PBXBuildFile section */

/* Begin PBXContainerItemProxy section */
		3E786D3FA995628174CAE1BF /* PBXContainerItemProxy */ = {
			isa = PBXContainerItemProxy;
			containerPortal = F61812DFD99538EF5933449E /* Project object */;
			proxyType = 1;
			remoteGlobalIDString = CD9DA825600EFF85DD1C1087;
			remoteInfo = HabitBloomWidgets;
		};
/* End PBXContainerItemProxy section */

/* Begin PBXCopyFilesBuildPhase section */
		8EBC01D391F1766EFF063143 /* Embed Foundation Extensions */ = {
			isa = PBXCopyFilesBuildPhase;
			buildActionMask = 2147483647;
			dstPath = "";
			dstSubfolderSpec = 13;
			files = (
				C5FBA66CD35CA69BD2426C1D /* HabitBloomWidgets.appex in Embed Foundation Extensions */,
			);
			name = "Embed Foundation Extensions";
			runOnlyForDeploymentPostprocessing = 0;
		};
/* End PBXCopyFilesBuildPhase section */

/* Begin PBXFileReference section */
		0543C8E2EAC7CB98063BD6CF /* HabitBloomWidgets.swift */ = {isa = PBXFileReference; lastKnownFileType = sourcecode.swift; path = HabitBloomWidgets.swift; sourceTree = "<group>"; };
		0617A8578689832D937D90F1 /* HabitStatsCalculator.swift */ = {isa = PBXFileReference; lastKnownFileType = sourcecode.swift; path = HabitStatsCalculator.swift; sourceTree = "<group>"; };
		2245981D41A66EE9FCC2B135 /* SettingsView.swift */ = {isa = PBXFileReference; lastKnownFileType = sourcecode.swift; path = SettingsView.swift; sourceTree = "<group>"; };
		371483A349C11B96A87054CD /* ReminderPlanner.swift */ = {isa = PBXFileReference; lastKnownFileType = sourcecode.swift; path = ReminderPlanner.swift; sourceTree = "<group>"; };
		4107A7C2B23C184B009803FC /* HabitEditorView.swift */ = {isa = PBXFileReference; lastKnownFileType = sourcecode.swift; path = HabitEditorView.swift; sourceTree = "<group>"; };
		4E5B578E09B74B9576F3768C /* ContentView.swift */ = {isa = PBXFileReference; lastKnownFileType = sourcecode.swift; path = ContentView.swift; sourceTree = "<group>"; };
		4E7CC2D8216B50873CBB20A1 /* HabitModelContainer.swift */ = {isa = PBXFileReference; lastKnownFileType = sourcecode.swift; path = HabitModelContainer.swift; sourceTree = "<group>"; };
		6970689F40109E9868666FF6 /* IconPickerSheet.swift */ = {isa = PBXFileReference; lastKnownFileType = sourcecode.swift; path = IconPickerSheet.swift; sourceTree = "<group>"; };
		721095FD72CF3D9FEF03B45D /* CheckInFeedbackService.swift */ = {isa = PBXFileReference; lastKnownFileType = sourcecode.swift; path = CheckInFeedbackService.swift; sourceTree = "<group>"; };
		72AA9F7B648AF84697F4D010 /* HabitEntities.swift */ = {isa = PBXFileReference; lastKnownFileType = sourcecode.swift; path = HabitEntities.swift; sourceTree = "<group>"; };
		797AC9BEAA5268A5817F2D9A /* Info.plist */ = {isa = PBXFileReference; lastKnownFileType = text.plist; path = Info.plist; sourceTree = "<group>"; };
		948F1977E900766A4A743DCA /* HabitModels.swift */ = {isa = PBXFileReference; lastKnownFileType = sourcecode.swift; path = HabitModels.swift; sourceTree = "<group>"; };
		9E3F1FB50FFA1152DFFA03A2 /* WidgetSnapshotWriter.swift */ = {isa = PBXFileReference; lastKnownFileType = sourcecode.swift; path = WidgetSnapshotWriter.swift; sourceTree = "<group>"; };
		9E408CC35B36E09DCC1E33CE /* HabitBloomWidgets.appex */ = {isa = PBXFileReference; includeInIndex = 0; lastKnownFileType = "wrapper.app-extension"; path = HabitBloomWidgets.appex; sourceTree = BUILT_PRODUCTS_DIR; };
		A88C53DDFA092F3E80752845 /* StatsView.swift */ = {isa = PBXFileReference; lastKnownFileType = sourcecode.swift; path = StatsView.swift; sourceTree = "<group>"; };
		A94618CAC6044CD7136D7537 /* HabitBloom.entitlements */ = {isa = PBXFileReference; lastKnownFileType = text.plist.entitlements; path = HabitBloom.entitlements; sourceTree = "<group>"; };
		B021B1E5B6D5E7CCA8C28EF9 /* Info.plist */ = {isa = PBXFileReference; lastKnownFileType = text.plist; path = Info.plist; sourceTree = "<group>"; };
		B38117FF4902E6BB989DB05D /* HabitIconGlyph.swift */ = {isa = PBXFileReference; lastKnownFileType = sourcecode.swift; path = HabitIconGlyph.swift; sourceTree = "<group>"; };
		BB3CA1B87759AD55EFF8CDE2 /* HabitBloomWidgets.entitlements */ = {isa = PBXFileReference; lastKnownFileType = text.plist.entitlements; path = HabitBloomWidgets.entitlements; sourceTree = "<group>"; };
		C51BCDB10EDE4722CA441218 /* HabitStatsService.swift */ = {isa = PBXFileReference; lastKnownFileType = sourcecode.swift; path = HabitStatsService.swift; sourceTree = "<group>"; };
		CB0162740D1F7021F3AA7256 /* PlatformColors.swift */ = {isa = PBXFileReference; lastKnownFileType = sourcecode.swift; path = PlatformColors.swift; sourceTree = "<group>"; };
		DCB5FD2FE83A7CB380A23971 /* LaunchScreen.storyboard */ = {isa = PBXFileReference; lastKnownFileType = file.storyboard; path = LaunchScreen.storyboard; sourceTree = "<group>"; };
		DCF4604AFDB8EFBF839B0FAE /* StickerImageOptimizer.swift */ = {isa = PBXFileReference; lastKnownFileType = sourcecode.swift; path = StickerImageOptimizer.swift; sourceTree = "<group>"; };
		DCFB9D4DB538157F5A89D874 /* ManualFolderSyncService.swift */ = {isa = PBXFileReference; lastKnownFileType = sourcecode.swift; path = ManualFolderSyncService.swift; sourceTree = "<group>"; };
		EE8BE2A8D8808E1509FA3FCD /* ReminderScheduler.swift */ = {isa = PBXFileReference; lastKnownFileType = sourcecode.swift; path = ReminderScheduler.swift; sourceTree = "<group>"; };
		F0AE1440174375040CC0CA42 /* LiquidGlassStyle.swift */ = {isa = PBXFileReference; lastKnownFileType = sourcecode.swift; path = LiquidGlassStyle.swift; sourceTree = "<group>"; };
		F5D37E535A4855F3E47E8536 /* HabitCardView.swift */ = {isa = PBXFileReference; lastKnownFileType = sourcecode.swift; path = HabitCardView.swift; sourceTree = "<group>"; };
		FD0216F144BCD767C4598B1F /* HabitBloomApp.swift */ = {isa = PBXFileReference; lastKnownFileType = sourcecode.swift; path = HabitBloomApp.swift; sourceTree = "<group>"; };
		FE0677C57B56183F8588A200 /* HabitBloom.app */ = {isa = PBXFileReference; includeInIndex = 0; lastKnownFileType = wrapper.application; path = HabitBloom.app; sourceTree = BUILT_PRODUCTS_DIR; };
/* End PBXFileReference section */

/* Begin PBXGroup section */
		233D4C0A90914068EE16EA40 /* Models */ = {
			isa = PBXGroup;
			children = (
				72AA9F7B648AF84697F4D010 /* HabitEntities.swift */,
			);
			path = Models;
			sourceTree = "<group>";
		};
		4A9351C7D1CFA4115F08B7E9 /* HabitBloomWidgets */ = {
			isa = PBXGroup;
			children = (
				BB3CA1B87759AD55EFF8CDE2 /* HabitBloomWidgets.entitlements */,
				0543C8E2EAC7CB98063BD6CF /* HabitBloomWidgets.swift */,
				B021B1E5B6D5E7CCA8C28EF9 /* Info.plist */,
			);
			path = HabitBloomWidgets;
			sourceTree = "<group>";
		};
		5A1081CFBD5AA0EE849B614F /* HabitBloomApp */ = {
			isa = PBXGroup;
			children = (
				DD48CD71A798B0BA942BA4F6 /* App */,
				233D4C0A90914068EE16EA40 /* Models */,
				C15AA10E053069D35812A6A2 /* Services */,
				6D14D0EA73A8A066FB6853B3 /* Support */,
				DA929202F36935AF27E35DFD /* Views */,
			);
			path = HabitBloomApp;
			sourceTree = "<group>";
		};
		69929152B5D0AD75A9615707 /* Products */ = {
			isa = PBXGroup;
			children = (
				FE0677C57B56183F8588A200 /* HabitBloom.app */,
				9E408CC35B36E09DCC1E33CE /* HabitBloomWidgets.appex */,
			);
			name = Products;
			sourceTree = "<group>";
		};
		6D14D0EA73A8A066FB6853B3 /* Support */ = {
			isa = PBXGroup;
			children = (
				A94618CAC6044CD7136D7537 /* HabitBloom.entitlements */,
				797AC9BEAA5268A5817F2D9A /* Info.plist */,
				DCB5FD2FE83A7CB380A23971 /* LaunchScreen.storyboard */,
			);
			path = Support;
			sourceTree = "<group>";
		};
		7D716948AA71C4CC9663EA70 /* HabitCore */ = {
			isa = PBXGroup;
			children = (
				948F1977E900766A4A743DCA /* HabitModels.swift */,
				0617A8578689832D937D90F1 /* HabitStatsCalculator.swift */,
				371483A349C11B96A87054CD /* ReminderPlanner.swift */,
			);
			name = HabitCore;
			path = Sources/HabitCore;
			sourceTree = "<group>";
		};
		C15AA10E053069D35812A6A2 /* Services */ = {
			isa = PBXGroup;
			children = (
				721095FD72CF3D9FEF03B45D /* CheckInFeedbackService.swift */,
				4E7CC2D8216B50873CBB20A1 /* HabitModelContainer.swift */,
				C51BCDB10EDE4722CA441218 /* HabitStatsService.swift */,
				DCFB9D4DB538157F5A89D874 /* ManualFolderSyncService.swift */,
				EE8BE2A8D8808E1509FA3FCD /* ReminderScheduler.swift */,
				DCF4604AFDB8EFBF839B0FAE /* StickerImageOptimizer.swift */,
				9E3F1FB50FFA1152DFFA03A2 /* WidgetSnapshotWriter.swift */,
			);
			path = Services;
			sourceTree = "<group>";
		};
		D9C3D6F7BEBF60B3951CFF99 = {
			isa = PBXGroup;
			children = (
				5A1081CFBD5AA0EE849B614F /* HabitBloomApp */,
				4A9351C7D1CFA4115F08B7E9 /* HabitBloomWidgets */,
				7D716948AA71C4CC9663EA70 /* HabitCore */,
				69929152B5D0AD75A9615707 /* Products */,
			);
			sourceTree = "<group>";
		};
		DA929202F36935AF27E35DFD /* Views */ = {
			isa = PBXGroup;
			children = (
				4E5B578E09B74B9576F3768C /* ContentView.swift */,
				F5D37E535A4855F3E47E8536 /* HabitCardView.swift */,
				4107A7C2B23C184B009803FC /* HabitEditorView.swift */,
				B38117FF4902E6BB989DB05D /* HabitIconGlyph.swift */,
				6970689F40109E9868666FF6 /* IconPickerSheet.swift */,
				F0AE1440174375040CC0CA42 /* LiquidGlassStyle.swift */,
				CB0162740D1F7021F3AA7256 /* PlatformColors.swift */,
				2245981D41A66EE9FCC2B135 /* SettingsView.swift */,
				A88C53DDFA092F3E80752845 /* StatsView.swift */,
			);
			path = Views;
			sourceTree = "<group>";
		};
		DD48CD71A798B0BA942BA4F6 /* App */ = {
			isa = PBXGroup;
			children = (
				FD0216F144BCD767C4598B1F /* HabitBloomApp.swift */,
			);
			path = App;
			sourceTree = "<group>";
		};
/* End PBXGroup section */

/* Begin PBXNativeTarget section */
		36FD54E9E8D72113555EBCBF /* HabitBloom */ = {
			isa = PBXNativeTarget;
			buildConfigurationList = 3E7C4AA9ED84304E77825897 /* Build configuration list for PBXNativeTarget "HabitBloom" */;
			buildPhases = (
				7920A09B38FB8E5C13659999 /* Sources */,
				960E91EDFA0BCB20A9FFF0E9 /* Resources */,
				8EBC01D391F1766EFF063143 /* Embed Foundation Extensions */,
			);
			buildRules = (
			);
			dependencies = (
				96855AEDB9924C18B5387F58 /* PBXTargetDependency */,
			);
			name = HabitBloom;
			packageProductDependencies = (
			);
			productName = HabitBloom;
			productReference = FE0677C57B56183F8588A200 /* HabitBloom.app */;
			productType = "com.apple.product-type.application";
		};
		CD9DA825600EFF85DD1C1087 /* HabitBloomWidgets */ = {
			isa = PBXNativeTarget;
			buildConfigurationList = EAA444C3DB296BE824F42253 /* Build configuration list for PBXNativeTarget "HabitBloomWidgets" */;
			buildPhases = (
				3F9E88EDCEC725CA45DE48DA /* Sources */,
			);
			buildRules = (
			);
			dependencies = (
			);
			name = HabitBloomWidgets;
			packageProductDependencies = (
			);
			productName = HabitBloomWidgets;
			productReference = 9E408CC35B36E09DCC1E33CE /* HabitBloomWidgets.appex */;
			productType = "com.apple.product-type.app-extension";
		};
/* End PBXNativeTarget section */

/* Begin PBXProject section */
		F61812DFD99538EF5933449E /* Project object */ = {
			isa = PBXProject;
			attributes = {
				BuildIndependentTargetsInParallel = YES;
				LastUpgradeCheck = 1430;
				TargetAttributes = {
					36FD54E9E8D72113555EBCBF = {
						DevelopmentTeam = ZNSTKHPLY3;
						ProvisioningStyle = Automatic;
					};
					CD9DA825600EFF85DD1C1087 = {
						DevelopmentTeam = ZNSTKHPLY3;
						ProvisioningStyle = Automatic;
					};
				};
			};
			buildConfigurationList = 0A8A9C87A66AC77334F2E55E /* Build configuration list for PBXProject "HabitBloom" */;
			developmentRegion = en;
			hasScannedForEncodings = 0;
			knownRegions = (
				Base,
				en,
			);
			mainGroup = D9C3D6F7BEBF60B3951CFF99;
			minimizedProjectReferenceProxies = 1;
			preferredProjectObjectVersion = 77;
			productRefGroup = 69929152B5D0AD75A9615707 /* Products */;
			projectDirPath = "";
			projectRoot = "";
			targets = (
				36FD54E9E8D72113555EBCBF /* HabitBloom */,
				CD9DA825600EFF85DD1C1087 /* HabitBloomWidgets */,
			);
		};
/* End PBXProject section */

/* Begin PBXResourcesBuildPhase section */
		960E91EDFA0BCB20A9FFF0E9 /* Resources */ = {
			isa = PBXResourcesBuildPhase;
			buildActionMask = 2147483647;
			files = (
				B004B71567A8C1EBF851DC69 /* LaunchScreen.storyboard in Resources */,
			);
			runOnlyForDeploymentPostprocessing = 0;
		};
/* End PBXResourcesBuildPhase section */

/* Begin PBXSourcesBuildPhase section */
		3F9E88EDCEC725CA45DE48DA /* Sources */ = {
			isa = PBXSourcesBuildPhase;
			buildActionMask = 2147483647;
			files = (
				2548E69FEA0E95AEF5CF8CAC /* HabitBloomWidgets.swift in Sources */,
			);
			runOnlyForDeploymentPostprocessing = 0;
		};
		7920A09B38FB8E5C13659999 /* Sources */ = {
			isa = PBXSourcesBuildPhase;
			buildActionMask = 2147483647;
			files = (
				49C60C39B0042D4EA438247F /* CheckInFeedbackService.swift in Sources */,
				4B985D67258E84D0DB2900FF /* ContentView.swift in Sources */,
				3FD86D492D19579B37362742 /* HabitBloomApp.swift in Sources */,
				2C9132879577DA9EBB7CCA52 /* HabitCardView.swift in Sources */,
				7D05D134BA993118331AE2C3 /* HabitEditorView.swift in Sources */,
				FFD976B4AE6F30F3667D3997 /* HabitEntities.swift in Sources */,
				0614F98A37FB16F28AA9F025 /* HabitIconGlyph.swift in Sources */,
				1EB8B914F61A595782A5EB80 /* HabitModelContainer.swift in Sources */,
				2D7FB44F9A530C49CA428033 /* HabitModels.swift in Sources */,
				71AA4DEF5D3B6A0B512A8727 /* HabitStatsCalculator.swift in Sources */,
				4F95327D3B56D393BE1B4FE9 /* HabitStatsService.swift in Sources */,
				FAF045AE8B797DD56DC1903D /* IconPickerSheet.swift in Sources */,
				D23472F6F14BF26E6878AFD2 /* LiquidGlassStyle.swift in Sources */,
				1A41396267D74609D7538D1B /* ManualFolderSyncService.swift in Sources */,
				933A32199A963DE7EC5E87CB /* PlatformColors.swift in Sources */,
				5FE56FF3A2047D771A6B8238 /* ReminderPlanner.swift in Sources */,
				46EAAB470233649776C3F60E /* ReminderScheduler.swift in Sources */,
				BFBC7971F5DFF6DCF1B4D11E /* SettingsView.swift in Sources */,
				1C6C3F03D9D957834F2BF9AE /* StatsView.swift in Sources */,
				90DE6B97845E3D13BF23BCE5 /* StickerImageOptimizer.swift in Sources */,
				7C419A91243DA45A431BF269 /* WidgetSnapshotWriter.swift in Sources */,
			);
			runOnlyForDeploymentPostprocessing = 0;
		};
/* End PBXSourcesBuildPhase section */

/* Begin PBXTargetDependency section */
		96855AEDB9924C18B5387F58 /* PBXTargetDependency */ = {
			isa = PBXTargetDependency;
			target = CD9DA825600EFF85DD1C1087 /* HabitBloomWidgets */;
			targetProxy = 3E786D3FA995628174CAE1BF /* PBXContainerItemProxy */;
		};
/* End PBXTargetDependency section */

/* Begin XCBuildConfiguration section */
		78E6A1F56F6262D5CCD0DFB8 /* Release */ = {
			isa = XCBuildConfiguration;
			buildSettings = {
				ASSETCATALOG_COMPILER_APPICON_NAME = AppIcon;
				CODE_SIGN_ENTITLEMENTS = HabitBloomApp/Support/HabitBloom.entitlements;
				CODE_SIGN_IDENTITY = "iPhone Developer";
				INFOPLIST_FILE = HabitBloomApp/Support/Info.plist;
				IPHONEOS_DEPLOYMENT_TARGET = 17.0;
				LD_RUNPATH_SEARCH_PATHS = (
					"$(inherited)",
					"@executable_path/Frameworks",
				);
				PRODUCT_BUNDLE_IDENTIFIER = com.zjx.HabitBloom;
				SDKROOT = iphoneos;
				SUPPORTS_MACCATALYST = NO;
				SUPPORTS_MAC_DESIGNED_FOR_IPHONE_IPAD = YES;
				TARGETED_DEVICE_FAMILY = 1;
			};
			name = Release;
		};
		80521F9F9C8F3A78510CE100 /* Release */ = {
			isa = XCBuildConfiguration;
			buildSettings = {
				APPLICATION_EXTENSION_API_ONLY = YES;
				CODE_SIGN_ENTITLEMENTS = HabitBloomWidgets/HabitBloomWidgets.entitlements;
				INFOPLIST_FILE = HabitBloomWidgets/Info.plist;
				IPHONEOS_DEPLOYMENT_TARGET = 17.0;
				LD_RUNPATH_SEARCH_PATHS = (
					"$(inherited)",
					"@executable_path/Frameworks",
					"@executable_path/../../Frameworks",
				);
				PRODUCT_BUNDLE_IDENTIFIER = com.zjx.HabitBloom.widgets;
				SDKROOT = iphoneos;
				SKIP_INSTALL = YES;
				TARGETED_DEVICE_FAMILY = "1,2";
			};
			name = Release;
		};
		9C7F194A4EBF239A2189FCA5 /* Debug */ = {
			isa = XCBuildConfiguration;
			buildSettings = {
				ALWAYS_SEARCH_USER_PATHS = NO;
				CLANG_ANALYZER_NONNULL = YES;
				CLANG_ANALYZER_NUMBER_OBJECT_CONVERSION = YES_AGGRESSIVE;
				CLANG_CXX_LANGUAGE_STANDARD = "gnu++14";
				CLANG_CXX_LIBRARY = "libc++";
				CLANG_ENABLE_MODULES = YES;
				CLANG_ENABLE_OBJC_ARC = YES;
				CLANG_ENABLE_OBJC_WEAK = YES;
				CLANG_WARN_BLOCK_CAPTURE_AUTORELEASING = YES;
				CLANG_WARN_BOOL_CONVERSION = YES;
				CLANG_WARN_COMMA = YES;
				CLANG_WARN_CONSTANT_CONVERSION = YES;
				CLANG_WARN_DEPRECATED_OBJC_IMPLEMENTATIONS = YES;
				CLANG_WARN_DIRECT_OBJC_ISA_USAGE = YES_ERROR;
				CLANG_WARN_DOCUMENTATION_COMMENTS = YES;
				CLANG_WARN_EMPTY_BODY = YES;
				CLANG_WARN_ENUM_CONVERSION = YES;
				CLANG_WARN_INFINITE_RECURSION = YES;
				CLANG_WARN_INT_CONVERSION = YES;
				CLANG_WARN_NON_LITERAL_NULL_CONVERSION = YES;
				CLANG_WARN_OBJC_IMPLICIT_RETAIN_SELF = YES;
				CLANG_WARN_OBJC_LITERAL_CONVERSION = YES;
				CLANG_WARN_OBJC_ROOT_CLASS = YES_ERROR;
				CLANG_WARN_QUOTED_INCLUDE_IN_FRAMEWORK_HEADER = YES;
				CLANG_WARN_RANGE_LOOP_ANALYSIS = YES;
				CLANG_WARN_STRICT_PROTOTYPES = YES;
				CLANG_WARN_SUSPICIOUS_MOVE = YES;
				CLANG_WARN_UNGUARDED_AVAILABILITY = YES_AGGRESSIVE;
				CLANG_WARN_UNREACHABLE_CODE = YES;
				CLANG_WARN__DUPLICATE_METHOD_MATCH = YES;
				CODE_SIGN_STYLE = Automatic;
				COPY_PHASE_STRIP = NO;
				CURRENT_PROJECT_VERSION = 1;
				DEBUG_INFORMATION_FORMAT = dwarf;
				DEVELOPMENT_TEAM = ZNSTKHPLY3;
				ENABLE_STRICT_OBJC_MSGSEND = YES;
				ENABLE_TESTABILITY = YES;
				GCC_C_LANGUAGE_STANDARD = gnu11;
				GCC_DYNAMIC_NO_PIC = NO;
				GCC_NO_COMMON_BLOCKS = YES;
				GCC_OPTIMIZATION_LEVEL = 0;
				GCC_PREPROCESSOR_DEFINITIONS = (
					"$(inherited)",
					"DEBUG=1",
				);
				GCC_WARN_64_TO_32_BIT_CONVERSION = YES;
				GCC_WARN_ABOUT_RETURN_TYPE = YES_ERROR;
				GCC_WARN_UNDECLARED_SELECTOR = YES;
				GCC_WARN_UNINITIALIZED_AUTOS = YES_AGGRESSIVE;
				GCC_WARN_UNUSED_FUNCTION = YES;
				GCC_WARN_UNUSED_VARIABLE = YES;
				IPHONEOS_DEPLOYMENT_TARGET = 17.0;
				MACOSX_DEPLOYMENT_TARGET = 14.0;
				MARKETING_VERSION = 1.0;
				MTL_ENABLE_DEBUG_INFO = INCLUDE_SOURCE;
				MTL_FAST_MATH = YES;
				ONLY_ACTIVE_ARCH = YES;
				PRODUCT_NAME = "$(TARGET_NAME)";
				SDKROOT = iphoneos;
				SWIFT_ACTIVE_COMPILATION_CONDITIONS = DEBUG;
				SWIFT_OPTIMIZATION_LEVEL = "-Onone";
				SWIFT_VERSION = 6.0;
			};
			name = Debug;
		};
		A7FEE5EE453ED6E85704DF0E /* Release */ = {
			isa = XCBuildConfiguration;
			buildSettings = {
				ALWAYS_SEARCH_USER_PATHS = NO;
				CLANG_ANALYZER_NONNULL = YES;
				CLANG_ANALYZER_NUMBER_OBJECT_CONVERSION = YES_AGGRESSIVE;
				CLANG_CXX_LANGUAGE_STANDARD = "gnu++14";
				CLANG_CXX_LIBRARY = "libc++";
				CLANG_ENABLE_MODULES = YES;
				CLANG_ENABLE_OBJC_ARC = YES;
				CLANG_ENABLE_OBJC_WEAK = YES;
				CLANG_WARN_BLOCK_CAPTURE_AUTORELEASING = YES;
				CLANG_WARN_BOOL_CONVERSION = YES;
				CLANG_WARN_COMMA = YES;
				CLANG_WARN_CONSTANT_CONVERSION = YES;
				CLANG_WARN_DEPRECATED_OBJC_IMPLEMENTATIONS = YES;
				CLANG_WARN_DIRECT_OBJC_ISA_USAGE = YES_ERROR;
				CLANG_WARN_DOCUMENTATION_COMMENTS = YES;
				CLANG_WARN_EMPTY_BODY = YES;
				CLANG_WARN_ENUM_CONVERSION = YES;
				CLANG_WARN_INFINITE_RECURSION = YES;
				CLANG_WARN_INT_CONVERSION = YES;
				CLANG_WARN_NON_LITERAL_NULL_CONVERSION = YES;
				CLANG_WARN_OBJC_IMPLICIT_RETAIN_SELF = YES;
				CLANG_WARN_OBJC_LITERAL_CONVERSION = YES;
				CLANG_WARN_OBJC_ROOT_CLASS = YES_ERROR;
				CLANG_WARN_QUOTED_INCLUDE_IN_FRAMEWORK_HEADER = YES;
				CLANG_WARN_RANGE_LOOP_ANALYSIS = YES;
				CLANG_WARN_STRICT_PROTOTYPES = YES;
				CLANG_WARN_SUSPICIOUS_MOVE = YES;
				CLANG_WARN_UNGUARDED_AVAILABILITY = YES_AGGRESSIVE;
				CLANG_WARN_UNREACHABLE_CODE = YES;
				CLANG_WARN__DUPLICATE_METHOD_MATCH = YES;
				CODE_SIGN_STYLE = Automatic;
				COPY_PHASE_STRIP = NO;
				CURRENT_PROJECT_VERSION = 1;
				DEBUG_INFORMATION_FORMAT = "dwarf-with-dsym";
				DEVELOPMENT_TEAM = ZNSTKHPLY3;
				ENABLE_NS_ASSERTIONS = NO;
				ENABLE_STRICT_OBJC_MSGSEND = YES;
				GCC_C_LANGUAGE_STANDARD = gnu11;
				GCC_NO_COMMON_BLOCKS = YES;
				GCC_WARN_64_TO_32_BIT_CONVERSION = YES;
				GCC_WARN_ABOUT_RETURN_TYPE = YES_ERROR;
				GCC_WARN_UNDECLARED_SELECTOR = YES;
				GCC_WARN_UNINITIALIZED_AUTOS = YES_AGGRESSIVE;
				GCC_WARN_UNUSED_FUNCTION = YES;
				GCC_WARN_UNUSED_VARIABLE = YES;
				IPHONEOS_DEPLOYMENT_TARGET = 17.0;
				MACOSX_DEPLOYMENT_TARGET = 14.0;
				MARKETING_VERSION = 1.0;
				MTL_ENABLE_DEBUG_INFO = NO;
				MTL_FAST_MATH = YES;
				PRODUCT_NAME = "$(TARGET_NAME)";
				SDKROOT = iphoneos;
				SWIFT_COMPILATION_MODE = wholemodule;
				SWIFT_OPTIMIZATION_LEVEL = "-O";
				SWIFT_VERSION = 6.0;
			};
			name = Release;
		};
		A9FF4A90956FF76B2CA1B7C1 /* Debug */ = {
			isa = XCBuildConfiguration;
			buildSettings = {
				APPLICATION_EXTENSION_API_ONLY = YES;
				CODE_SIGN_ENTITLEMENTS = HabitBloomWidgets/HabitBloomWidgets.entitlements;
				INFOPLIST_FILE = HabitBloomWidgets/Info.plist;
				IPHONEOS_DEPLOYMENT_TARGET = 17.0;
				LD_RUNPATH_SEARCH_PATHS = (
					"$(inherited)",
					"@executable_path/Frameworks",
					"@executable_path/../../Frameworks",
				);
				PRODUCT_BUNDLE_IDENTIFIER = com.zjx.HabitBloom.widgets;
				SDKROOT = iphoneos;
				SKIP_INSTALL = YES;
				TARGETED_DEVICE_FAMILY = "1,2";
			};
			name = Debug;
		};
		DFE671FFCD6BB8F8A5547956 /* Debug */ = {
			isa = XCBuildConfiguration;
			buildSettings = {
				ASSETCATALOG_COMPILER_APPICON_NAME = AppIcon;
				CODE_SIGN_ENTITLEMENTS = HabitBloomApp/Support/HabitBloom.entitlements;
				CODE_SIGN_IDENTITY = "iPhone Developer";
				INFOPLIST_FILE = HabitBloomApp/Support/Info.plist;
				IPHONEOS_DEPLOYMENT_TARGET = 17.0;
				LD_RUNPATH_SEARCH_PATHS = (
					"$(inherited)",
					"@executable_path/Frameworks",
				);
				PRODUCT_BUNDLE_IDENTIFIER = com.zjx.HabitBloom;
				SDKROOT = iphoneos;
				SUPPORTS_MACCATALYST = NO;
				SUPPORTS_MAC_DESIGNED_FOR_IPHONE_IPAD = YES;
				TARGETED_DEVICE_FAMILY = 1;
			};
			name = Debug;
		};
/* End XCBuildConfiguration section */

/* Begin XCConfigurationList section */
		0A8A9C87A66AC77334F2E55E /* Build configuration list for PBXProject "HabitBloom" */ = {
			isa = XCConfigurationList;
			buildConfigurations = (
				9C7F194A4EBF239A2189FCA5 /* Debug */,
				A7FEE5EE453ED6E85704DF0E /* Release */,
			);
			defaultConfigurationIsVisible = 0;
			defaultConfigurationName = Debug;
		};
		3E7C4AA9ED84304E77825897 /* Build configuration list for PBXNativeTarget "HabitBloom" */ = {
			isa = XCConfigurationList;
			buildConfigurations = (
				DFE671FFCD6BB8F8A5547956 /* Debug */,
				78E6A1F56F6262D5CCD0DFB8 /* Release */,
			);
			defaultConfigurationIsVisible = 0;
			defaultConfigurationName = Debug;
		};
		EAA444C3DB296BE824F42253 /* Build configuration list for PBXNativeTarget "HabitBloomWidgets" */ = {
			isa = XCConfigurationList;
			buildConfigurations = (
				A9FF4A90956FF76B2CA1B7C1 /* Debug */,
				80521F9F9C8F3A78510CE100 /* Release */,
			);
			defaultConfigurationIsVisible = 0;
			defaultConfigurationName = Debug;
		};
/* End XCConfigurationList section */
	};
	rootObject = F61812DFD99538EF5933449E /* Project object */;
}
